
Microsoft Visual Studio Solution File, Format Version 12.00
# Visual Studio Version 16
VisualStudioVersion = 16.0.30804.86
MinimumVisualStudioVersion = 10.0.40219.1
Project("{8BC9CEB8-8B4A-11D0-8D11-00A0C91BC942}") = "Library", "Library\Library.vcxproj", "{DBF70636-9A98-4063-A205-BF9A3B7EE178}"
EndProject
Global
	GlobalSection(SolutionConfigurationPlatforms) = preSolution
		Debug|x64 = Debug|x64
		Debug|x86 = Debug|x86
		Release|x64 = Release|x64
		Release|x86 = Release|x86
	EndGlobalSection
	GlobalSection(ProjectConfigurationPlatforms) = postSolution
		{DBF70636-9A98-4063-A205-BF9A3B7EE178}.Debug|x64.ActiveCfg = Debug|x64
		{DBF70636-9A98-4063-A205-BF9A3B7EE178}.Debug|x64.Build.0 = Debug|x64
		{DBF70636-9A98-4063-A205-BF9A3B7EE178}.Debug|x86.ActiveCfg = Debug|Win32
		{DBF70636-9A98-4063-A205-BF9A3B7EE178}.Debug|x86.Build.0 = Debug|Win32
		{DBF70636-9A98-4063-A205-BF9A3B7EE178}.Release|x64.ActiveCfg = Release|x64
		{DBF70636-9A98-4063-A205-BF9A3B7EE178}.Release|x64.Build.0 = Release|x64
		{DBF70636-9A98-4063-A205-BF9A3B7EE178}.Release|x86.ActiveCfg = Release|Win32
		{DBF70636-9A98-4063-A205-BF9A3B7EE178}.Release|x86.Build.0 = Release|Win32
	EndGlobalSection
	GlobalSection(SolutionProperties) = preSolution
		HideSolutionNode = FALSE
	EndGlobalSection
	GlobalSection(ExtensibilityGlobals) = postSolution
		SolutionGuid = {5CEEC5D8-8018-4ED1-911A-1E0A36C94033}
	EndGlobalSection
EndGlobal
